PODS:
  - DropDown (0.1.5)
  - SZTextView (1.2.2)

DEPENDENCIES:
  - DropDown (from `https://github.com/AssistoLab/DropDown.git`, commit `7d9d335`)
  - SZTextView

EXTERNAL SOURCES:
  DropDown:
    :commit: 7d9d335
    :git: https://github.com/AssistoLab/DropDown.git

CHECKOUT OPTIONS:
  DropDown:
    :commit: 7d9d335
    :git: https://github.com/AssistoLab/DropDown.git

SPEC CHECKSUMS:
  DropDown: addffd49f2a014e079ed854adcb3c5473c1ebdf2
  SZTextView: 3a81174dce0710a9ab069bc73a813e6df53b9c82

COCOAPODS: 0.39.0
